// !$*UTF8*$!
{
	archiveVersion = 1;
	classes = {
	};
	objectVersion = 56;
	objects = {

/* Begin PBXBuildFile section */
		42F4BB64AE40494E13E5F852 /* Pods_EX.framework in Frameworks */ = {isa = PBXBuildFile; fileRef = 5B1B48FBE5DFDD728F200CB3 /* Pods_EX.framework */; };
		62A74DC2B0AFD2567EAFA994 /* Pods_EXTests.framework in Frameworks */ = {isa = PBXBuildFile; fileRef = 6D2FBA36190C2B16ABA47F2B /* Pods_EXTests.framework */; };
		F522B5652B280C89009730B4 /* SPMPackagePlayground.swift in Sources */ = {isa = PBXBuildFile; fileRef = F522B5642B280C89009730B4 /* SPMPackagePlayground.swift */; };
		F5823AD12BB9575F0054FF0A /* EXTests.swift in Sources */ = {isa = PBXBuildFile; fileRef = F5823AD02BB9575F0054FF0A /* EXTests.swift */; };
		F5A631132B1D912000A958CB /* EXApp.swift in Sources */ = {isa = PBXBuildFile; fileRef = F5A631122B1D912000A958CB /* EXApp.swift */; };
		F5A631152B1D912000A958CB /* ContentView.swift in Sources */ = {isa = PBXBuildFile; fileRef = F5A631142B1D912000A958CB /* ContentView.swift */; };
		F5A631172B1D912200A958CB /* Assets.xcassets in Resources */ = {isa = PBXBuildFile; fileRef = F5A631162B1D912200A958CB /* Assets.xcassets */; };
		F5A6311A2B1D912200A958CB /* Preview Assets.xcassets in Resources */ = {isa = PBXBuildFile; fileRef = F5A631192B1D912200A958CB /* Preview Assets.xcassets */; };
		F5A631242B1D974400A958CB /* HomeVM.swift in Sources */ = {isa = PBXBuildFile; fileRef = F5A631232B1D974400A958CB /* HomeVM.swift */; };
		F5A631262B1D976E00A958CB /* HomeScreen.swift in Sources */ = {isa = PBXBuildFile; fileRef = F5A631252B1D976E00A958CB /* HomeScreen.swift */; };
/* End PBXBuildFile section */

/* Begin PBXContainerItemProxy section */
		F5823AD22BB9575F0054FF0A /* PBXContainerItemProxy */ = {
			isa = PBXContainerItemProxy;
			containerPortal = F5A631072B1D912000A958CB /* Project object */;
			proxyType = 1;
			remoteGlobalIDString = F5A6310E2B1D912000A958CB;
			remoteInfo = EX;
		};
/* End PBXContainerItemProxy section */

/* Begin PBXFileReference section */
		194A11CBD3F90CAD0A00700B /* Pods-EX.debug.xcconfig */ = {isa = PBXFileReference; includeInIndex = 1; lastKnownFileType = text.xcconfig; name = "Pods-EX.debug.xcconfig"; path = "Target Support Files/Pods-EX/Pods-EX.debug.xcconfig"; sourceTree = "<group>"; };
		505183CBD64DF2DBD583FDBA /* Pods-EXTests.release.xcconfig */ = {isa = PBXFileReference; includeInIndex = 1; lastKnownFileType = text.xcconfig; name = "Pods-EXTests.release.xcconfig"; path = "Target Support Files/Pods-EXTests/Pods-EXTests.release.xcconfig"; sourceTree = "<group>"; };
		5B1B48FBE5DFDD728F200CB3 /* Pods_EX.framework */ = {isa = PBXFileReference; explicitFileType = wrapper.framework; includeInIndex = 0; path = Pods_EX.framework; sourceTree = BUILT_PRODUCTS_DIR; };
		6C9FF68667E404D1C27C0EAF /* Pods-EX.release.xcconfig */ = {isa = PBXFileReference; includeInIndex = 1; lastKnownFileType = text.xcconfig; name = "Pods-EX.release.xcconfig"; path = "Target Support Files/Pods-EX/Pods-EX.release.xcconfig"; sourceTree = "<group>"; };
		6D2FBA36190C2B16ABA47F2B /* Pods_EXTests.framework */ = {isa = PBXFileReference; explicitFileType = wrapper.framework; includeInIndex = 0; path = Pods_EXTests.framework; sourceTree = BUILT_PRODUCTS_DIR; };
		AE11D2D9206A1BC5ABAC4260 /* Pods-EXTests.debug.xcconfig */ = {isa = PBXFileReference; includeInIndex = 1; lastKnownFileType = text.xcconfig; name = "Pods-EXTests.debug.xcconfig"; path = "Target Support Files/Pods-EXTests/Pods-EXTests.debug.xcconfig"; sourceTree = "<group>"; };
		F522B5642B280C89009730B4 /* SPMPackagePlayground.swift */ = {isa = PBXFileReference; fileEncoding = 4; lastKnownFileType = sourcecode.swift; path = SPMPackagePlayground.swift; sourceTree = "<group>"; };
		F5823ACE2BB9575F0054FF0A /* EXTests.xctest */ = {isa = PBXFileReference; explicitFileType = wrapper.cfbundle; includeInIndex = 0; path = EXTests.xctest; sourceTree = BUILT_PRODUCTS_DIR; };
		F5823AD02BB9575F0054FF0A /* EXTests.swift */ = {isa = PBXFileReference; lastKnownFileType = sourcecode.swift; path = EXTests.swift; sourceTree = "<group>"; };
		F5A6310F2B1D912000A958CB /* EX.app */ = {isa = PBXFileReference; explicitFileType = wrapper.application; includeInIndex = 0; path = EX.app; sourceTree = BUILT_PRODUCTS_DIR; };
		F5A631122B1D912000A958CB /* EXApp.swift */ = {isa = PBXFileReference; lastKnownFileType = sourcecode.swift; path = EXApp.swift; sourceTree = "<group>"; };
		F5A631142B1D912000A958CB /* ContentView.swift */ = {isa = PBXFileReference; lastKnownFileType = sourcecode.swift; path = ContentView.swift; sourceTree = "<group>"; };
		F5A631162B1D912200A958CB /* Assets.xcassets */ = {isa = PBXFileReference; lastKnownFileType = folder.assetcatalog; path = Assets.xcassets; sourceTree = "<group>"; };
		F5A631192B1D912200A958CB /* Preview Assets.xcassets */ = {isa = PBXFileReference; lastKnownFileType = folder.assetcatalog; path = "Preview Assets.xcassets"; sourceTree = "<group>"; };
		F5A631232B1D974400A958CB /* HomeVM.swift */ = {isa = PBXFileReference; lastKnownFileType = sourcecode.swift; path = HomeVM.swift; sourceTree = "<group>"; };
		F5A631252B1D976E00A958CB /* HomeScreen.swift */ = {isa = PBXFileReference; lastKnownFileType = sourcecode.swift; path = HomeScreen.swift; sourceTree = "<group>"; };
/* End PBXFileReference section */

/* Begin PBXFrameworksBuildPhase section */
		F5823ACB2BB9575F0054FF0A /* Frameworks */ = {
			isa = PBXFrameworksBuildPhase;
			buildActionMask = 2147483647;
			files = (
				62A74DC2B0AFD2567EAFA994 /* Pods_EXTests.framework in Frameworks */,
			);
			runOnlyForDeploymentPostprocessing = 0;
		};
		F5A6310C2B1D912000A958CB /* Frameworks */ = {
			isa = PBXFrameworksBuildPhase;
			buildActionMask = 2147483647;
			files = (
				42F4BB64AE40494E13E5F852 /* Pods_EX.framework in Frameworks */,
			);
			runOnlyForDeploymentPostprocessing = 0;
		};
/* End PBXFrameworksBuildPhase section */

/* Begin PBXGroup section */
		2E8C87ACA7C036EA3A50C3B6 /* Pods */ = {
			isa = PBXGroup;
			children = (
				194A11CBD3F90CAD0A00700B /* Pods-EX.debug.xcconfig */,
				6C9FF68667E404D1C27C0EAF /* Pods-EX.release.xcconfig */,
				AE11D2D9206A1BC5ABAC4260 /* Pods-EXTests.debug.xcconfig */,
				505183CBD64DF2DBD583FDBA /* Pods-EXTests.release.xcconfig */,
			);
			path = Pods;
			sourceTree = "<group>";
		};
		86536583EAFEE08EDCBC7C5A /* Frameworks */ = {
			isa = PBXGroup;
			children = (
				5B1B48FBE5DFDD728F200CB3 /* Pods_EX.framework */,
				6D2FBA36190C2B16ABA47F2B /* Pods_EXTests.framework */,
			);
			name = Frameworks;
			sourceTree = "<group>";
		};
		F5823ACF2BB9575F0054FF0A /* EXTests */ = {
			isa = PBXGroup;
			children = (
				F5823AD02BB9575F0054FF0A /* EXTests.swift */,
			);
			path = EXTests;
			sourceTree = "<group>";
		};
		F5A631062B1D912000A958CB = {
			isa = PBXGroup;
			children = (
				F5A631112B1D912000A958CB /* EX */,
				F5823ACF2BB9575F0054FF0A /* EXTests */,
				F5A631102B1D912000A958CB /* Products */,
				2E8C87ACA7C036EA3A50C3B6 /* Pods */,
				86536583EAFEE08EDCBC7C5A /* Frameworks */,
			);
			sourceTree = "<group>";
		};
		F5A631102B1D912000A958CB /* Products */ = {
			isa = PBXGroup;
			children = (
				F5A6310F2B1D912000A958CB /* EX.app */,
				F5823ACE2BB9575F0054FF0A /* EXTests.xctest */,
			);
			name = Products;
			sourceTree = "<group>";
		};
		F5A631112B1D912000A958CB /* EX */ = {
			isa = PBXGroup;
			children = (
				F522B5642B280C89009730B4 /* SPMPackagePlayground.swift */,
				F5A631122B1D912000A958CB /* EXApp.swift */,
				F5A631142B1D912000A958CB /* ContentView.swift */,
				F5A631162B1D912200A958CB /* Assets.xcassets */,
				F5A631182B1D912200A958CB /* Preview Content */,
				F5A631232B1D974400A958CB /* HomeVM.swift */,
				F5A631252B1D976E00A958CB /* HomeScreen.swift */,
			);
			path = EX;
			sourceTree = "<group>";
		};
		F5A631182B1D912200A958CB /* Preview Content */ = {
			isa = PBXGroup;
			children = (
				F5A631192B1D912200A958CB /* Preview Assets.xcassets */,
			);
			path = "Preview Content";
			sourceTree = "<group>";
		};
/* End PBXGroup section */

/* Begin PBXNativeTarget section */
		F5823ACD2BB9575F0054FF0A /* EXTests */ = {
			isa = PBXNativeTarget;
			buildConfigurationList = F5823AD62BB9575F0054FF0A /* Build configuration list for PBXNativeTarget "EXTests" */;
			buildPhases = (
				3A5D0FA20609E370D52A0ED8 /* [CP] Check Pods Manifest.lock */,
				F5823ACA2BB9575F0054FF0A /* Sources */,
				F5823ACB2BB9575F0054FF0A /* Frameworks */,
				F5823ACC2BB9575F0054FF0A /* Resources */,
			);
			buildRules = (
			);
			dependencies = (
				F5823AD32BB9575F0054FF0A /* PBXTargetDependency */,
			);
			name = EXTests;
			productName = EXTests;
			productReference = F5823ACE2BB9575F0054FF0A /* EXTests.xctest */;
			productType = "com.apple.product-type.bundle.unit-test";
		};
		F5A6310E2B1D912000A958CB /* EX */ = {
			isa = PBXNativeTarget;
			buildConfigurationList = F5A6311D2B1D912200A958CB /* Build configuration list for PBXNativeTarget "EX" */;
			buildPhases = (
				E37306CEF5B45126A55EE583 /* [CP] Check Pods Manifest.lock */,
				F5A6310B2B1D912000A958CB /* Sources */,
				F5A6310C2B1D912000A958CB /* Frameworks */,
				F5A6310D2B1D912000A958CB /* Resources */,
				CF33C89831174FB3D2C0CBFC /* [CP] Embed Pods Frameworks */,
			);
			buildRules = (
			);
			dependencies = (
			);
			name = EX;
			productName = EX;
			productReference = F5A6310F2B1D912000A958CB /* EX.app */;
			productType = "com.apple.product-type.application";
		};
/* End PBXNativeTarget section */

/* Begin PBXProject section */
		F5A631072B1D912000A958CB /* Project object */ = {
			isa = PBXProject;
			attributes = {
				BuildIndependentTargetsInParallel = 1;
				LastSwiftUpdateCheck = 1530;
				LastUpgradeCheck = 1500;
				TargetAttributes = {
					F5823ACD2BB9575F0054FF0A = {
						CreatedOnToolsVersion = 15.3;
						TestTargetID = F5A6310E2B1D912000A958CB;
					};
					F5A6310E2B1D912000A958CB = {
						CreatedOnToolsVersion = 15.0;
					};
				};
			};
			buildConfigurationList = F5A6310A2B1D912000A958CB /* Build configuration list for PBXProject "EX" */;
			compatibilityVersion = "Xcode 14.0";
			developmentRegion = en;
			hasScannedForEncodings = 0;
			knownRegions = (
				en,
				Base,
			);
			mainGroup = F5A631062B1D912000A958CB;
			productRefGroup = F5A631102B1D912000A958CB /* Products */;
			projectDirPath = "";
			projectRoot = "";
			targets = (
				F5A6310E2B1D912000A958CB /* EX */,
				F5823ACD2BB9575F0054FF0A /* EXTests */,
			);
		};
/* End PBXProject section */

/* Begin PBXResourcesBuildPhase section */
		F5823ACC2BB9575F0054FF0A /* Resources */ = {
			isa = PBXResourcesBuildPhase;
			buildActionMask = 2147483647;
			files = (
			);
			runOnlyForDeploymentPostprocessing = 0;
		};
		F5A6310D2B1D912000A958CB /* Resources */ = {
			isa = PBXResourcesBuildPhase;
			buildActionMask = 2147483647;
			files = (
				F5A6311A2B1D912200A958CB /* Preview Assets.xcassets in Resources */,
				F5A631172B1D912200A958CB /* Assets.xcassets in Resources */,
			);
			runOnlyForDeploymentPostprocessing = 0;
		};
/* End PBXResourcesBuildPhase section */

/* Begin PBXShellScriptBuildPhase section */
		3A5D0FA20609E370D52A0ED8 /* [CP] Check Pods Manifest.lock */ = {
			isa = PBXShellScriptBuildPhase;
			buildActionMask = 2147483647;
			files = (
			);
			inputFileListPaths = (
			);
			inputPaths = (
				"${PODS_PODFILE_DIR_PATH}/Podfile.lock",
				"${PODS_ROOT}/Manifest.lock",
			);
			name = "[CP] Check Pods Manifest.lock";
			outputFileListPaths = (
			);
			outputPaths = (
				"$(DERIVED_FILE_DIR)/Pods-EXTests-checkManifestLockResult.txt",
			);
			runOnlyForDeploymentPostprocessing = 0;
			shellPath = /bin/sh;
			shellScript = "diff \"${PODS_PODFILE_DIR_PATH}/Podfile.lock\" \"${PODS_ROOT}/Manifest.lock\" > /dev/null\nif [ $? != 0 ] ; then\n    # print error to STDERR\n    echo \"error: The sandbox is not in sync with the Podfile.lock. Run 'pod install' or update your CocoaPods installation.\" >&2\n    exit 1\nfi\n# This output is used by Xcode 'outputs' to avoid re-running this script phase.\necho \"SUCCESS\" > \"${SCRIPT_OUTPUT_FILE_0}\"\n";
			showEnvVarsInLog = 0;
		};
		CF33C89831174FB3D2C0CBFC /* [CP] Embed Pods Frameworks */ = {
			isa = PBXShellScriptBuildPhase;
			buildActionMask = 2147483647;
			files = (
			);
			inputFileListPaths = (
				"${PODS_ROOT}/Target Support Files/Pods-EX/Pods-EX-frameworks-${CONFIGURATION}-input-files.xcfilelist",
			);
			name = "[CP] Embed Pods Frameworks";
			outputFileListPaths = (
				"${PODS_ROOT}/Target Support Files/Pods-EX/Pods-EX-frameworks-${CONFIGURATION}-output-files.xcfilelist",
			);
			runOnlyForDeploymentPostprocessing = 0;
			shellPath = /bin/sh;
			shellScript = "\"${PODS_ROOT}/Target Support Files/Pods-EX/Pods-EX-frameworks.sh\"\n";
			showEnvVarsInLog = 0;
		};
		E37306CEF5B45126A55EE583 /* [CP] Check Pods Manifest.lock */ = {
			isa = PBXShellScriptBuildPhase;
			buildActionMask = 2147483647;
			files = (
			);
			inputFileListPaths = (
			);
			inputPaths = (
				"${PODS_PODFILE_DIR_PATH}/Podfile.lock",
				"${PODS_ROOT}/Manifest.lock",
			);
			name = "[CP] Check Pods Manifest.lock";
			outputFileListPaths = (
			);
			outputPaths = (
				"$(DERIVED_FILE_DIR)/Pods-EX-checkManifestLockResult.txt",
			);
			runOnlyForDeploymentPostprocessing = 0;
			shellPath = /bin/sh;
			shellScript = "diff \"${PODS_PODFILE_DIR_PATH}/Podfile.lock\" \"${PODS_ROOT}/Manifest.lock\" > /dev/null\nif [ $? != 0 ] ; then\n    # print error to STDERR\n    echo \"error: The sandbox is not in sync with the Podfile.lock. Run 'pod install' or update your CocoaPods installation.\" >&2\n    exit 1\nfi\n# This output is used by Xcode 'outputs' to avoid re-running this script phase.\necho \"SUCCESS\" > \"${SCRIPT_OUTPUT_FILE_0}\"\n";
			showEnvVarsInLog = 0;
		};
/* End PBXShellScriptBuildPhase section */

/* Begin PBXSourcesBuildPhase section */
		F5823ACA2BB9575F0054FF0A /* Sources */ = {
			isa = PBXSourcesBuildPhase;
			buildActionMask = 2147483647;
			files = (
				F5823AD12BB9575F0054FF0A /* EXTests.swift in Sources */,
			);
			runOnlyForDeploymentPostprocessing = 0;
		};
		F5A6310B2B1D912000A958CB /* Sources */ = {
			isa = PBXSourcesBuildPhase;
			buildActionMask = 2147483647;
			files = (
				F5A631152B1D912000A958CB /* ContentView.swift in Sources */,
				F5A631132B1D912000A958CB /* EXApp.swift in Sources */,
				F5A631262B1D976E00A958CB /* HomeScreen.swift in Sources */,
				F522B5652B280C89009730B4 /* SPMPackagePlayground.swift in Sources */,
				F5A631242B1D974400A958CB /* HomeVM.swift in Sources */,
			);
			runOnlyForDeploymentPostprocessing = 0;
		};
/* End PBXSourcesBuildPhase section */

/* Begin PBXTargetDependency section */
		F5823AD32BB9575F0054FF0A /* PBXTargetDependency */ = {
			isa = PBXTargetDependency;
			target = F5A6310E2B1D912000A958CB /* EX */;
			targetProxy = F5823AD22BB9575F0054FF0A /* PBXContainerItemProxy */;
		};
/* End PBXTargetDependency section */

/* Begin XCBuildConfiguration section */
		F5823AD42BB9575F0054FF0A /* Debug */ = {
			isa = XCBuildConfiguration;
			baseConfigurationReference = AE11D2D9206A1BC5ABAC4260 /* Pods-EXTests.debug.xcconfig */;
			buildSettings = {
				BUNDLE_LOADER = "$(TEST_HOST)";
				CODE_SIGN_STYLE = Automatic;
				CURRENT_PROJECT_VERSION = 1;
				GENERATE_INFOPLIST_FILE = YES;
				IPHONEOS_DEPLOYMENT_TARGET = 17.4;
				MARKETING_VERSION = 1.0;
				PRODUCT_BUNDLE_IDENTIFIER = com.thuyen.EXTests;
				PRODUCT_NAME = "$(TARGET_NAME)";
				SWIFT_EMIT_LOC_STRINGS = NO;
				SWIFT_VERSION = 5.0;
				TARGETED_DEVICE_FAMILY = "1,2";
				TEST_HOST = "$(BUILT_PRODUCTS_DIR)/EX.app/$(BUNDLE_EXECUTABLE_FOLDER_PATH)/EX";
			};
			name = Debug;
		};
		F5823AD52BB9575F0054FF0A /* Release */ = {
			isa = XCBuildConfiguration;
			baseConfigurationReference = 505183CBD64DF2DBD583FDBA /* Pods-EXTests.release.xcconfig */;
			buildSettings = {
				BUNDLE_LOADER = "$(TEST_HOST)";
				CODE_SIGN_STYLE = Automatic;
				CURRENT_PROJECT_VERSION = 1;
				GENERATE_INFOPLIST_FILE = YES;
				IPHONEOS_DEPLOYMENT_TARGET = 17.4;
				MARKETING_VERSION = 1.0;
				PRODUCT_BUNDLE_IDENTIFIER = com.thuyen.EXTests;
				PRODUCT_NAME = "$(TARGET_NAME)";
				SWIFT_EMIT_LOC_STRINGS = NO;
				SWIFT_VERSION = 5.0;
				TARGETED_DEVICE_FAMILY = "1,2";
				TEST_HOST = "$(BUILT_PRODUCTS_DIR)/EX.app/$(BUNDLE_EXECUTABLE_FOLDER_PATH)/EX";
			};
			name = Release;
		};
		F5A6311B2B1D912200A958CB /* Debug */ = {
			isa = XCBuildConfiguration;
			buildSettings = {
				ALWAYS_SEARCH_USER_PATHS = NO;
				ASSETCATALOG_COMPILER_GENERATE_SWIFT_ASSET_SYMBOL_EXTENSIONS = YES;
				CLANG_ANALYZER_NONNULL = YES;
				CLANG_ANALYZER_NUMBER_OBJECT_CONVERSION = YES_AGGRESSIVE;
				CLANG_CXX_LANGUAGE_STANDARD = "gnu++20";
				CLANG_ENABLE_MODULES = YES;
				CLANG_ENABLE_OBJC_ARC = YES;
				CLANG_ENABLE_OBJC_WEAK = YES;
				CLANG_WARN_BLOCK_CAPTURE_AUTORELEASING = YES;
				CLANG_WARN_BOOL_CONVERSION = YES;
				CLANG_WARN_COMMA = YES;
				CLANG_WARN_CONSTANT_CONVERSION = YES;
				CLANG_WARN_DEPRECATED_OBJC_IMPLEMENTATIONS = YES;
				CLANG_WARN_DIRECT_OBJC_ISA_USAGE = YES_ERROR;
				CLANG_WARN_DOCUMENTATION_COMMENTS = YES;
				CLANG_WARN_EMPTY_BODY = YES;
				CLANG_WARN_ENUM_CONVERSION = YES;
				CLANG_WARN_INFINITE_RECURSION = YES;
				CLANG_WARN_INT_CONVERSION = YES;
				CLANG_WARN_NON_LITERAL_NULL_CONVERSION = YES;
				CLANG_WARN_OBJC_IMPLICIT_RETAIN_SELF = YES;
				CLANG_WARN_OBJC_LITERAL_CONVERSION = YES;
				CLANG_WARN_OBJC_ROOT_CLASS = YES_ERROR;
				CLANG_WARN_QUOTED_INCLUDE_IN_FRAMEWORK_HEADER = YES;
				CLANG_WARN_RANGE_LOOP_ANALYSIS = YES;
				CLANG_WARN_STRICT_PROTOTYPES = YES;
				CLANG_WARN_SUSPICIOUS_MOVE = YES;
				CLANG_WARN_UNGUARDED_AVAILABILITY = YES_AGGRESSIVE;
				CLANG_WARN_UNREACHABLE_CODE = YES;
				CLANG_WARN__DUPLICATE_METHOD_MATCH = YES;
				COPY_PHASE_STRIP = NO;
				DEBUG_INFORMATION_FORMAT = dwarf;
				ENABLE_STRICT_OBJC_MSGSEND = YES;
				ENABLE_TESTABILITY = YES;
				ENABLE_USER_SCRIPT_SANDBOXING = YES;
				GCC_C_LANGUAGE_STANDARD = gnu17;
				GCC_DYNAMIC_NO_PIC = NO;
				GCC_NO_COMMON_BLOCKS = YES;
				GCC_OPTIMIZATION_LEVEL = 0;
				GCC_PREPROCESSOR_DEFINITIONS = (
					"DEBUG=1",
					"$(inherited)",
				);
				GCC_WARN_64_TO_32_BIT_CONVERSION = YES;
				GCC_WARN_ABOUT_RETURN_TYPE = YES_ERROR;
				GCC_WARN_UNDECLARED_SELECTOR = YES;
				GCC_WARN_UNINITIALIZED_AUTOS = YES_AGGRESSIVE;
				GCC_WARN_UNUSED_FUNCTION = YES;
				GCC_WARN_UNUSED_VARIABLE = YES;
				IPHONEOS_DEPLOYMENT_TARGET = 17.0;
				LOCALIZATION_PREFERS_STRING_CATALOGS = YES;
				MTL_ENABLE_DEBUG_INFO = INCLUDE_SOURCE;
				MTL_FAST_MATH = YES;
				ONLY_ACTIVE_ARCH = YES;
				SDKROOT = iphoneos;
				SWIFT_ACTIVE_COMPILATION_CONDITIONS = "DEBUG $(inherited)";
				SWIFT_OPTIMIZATION_LEVEL = "-Onone";
			};
			name = Debug;
		};
		F5A6311C2B1D912200A958CB /* Release */ = {
			isa = XCBuildConfiguration;
			buildSettings = {
				ALWAYS_SEARCH_USER_PATHS = NO;
				ASSETCATALOG_COMPILER_GENERATE_SWIFT_ASSET_SYMBOL_EXTENSIONS = YES;
				CLANG_ANALYZER_NONNULL = YES;
				CLANG_ANALYZER_NUMBER_OBJECT_CONVERSION = YES_AGGRESSIVE;
				CLANG_CXX_LANGUAGE_STANDARD = "gnu++20";
				CLANG_ENABLE_MODULES = YES;
				CLANG_ENABLE_OBJC_ARC = YES;
				CLANG_ENABLE_OBJC_WEAK = YES;
				CLANG_WARN_BLOCK_CAPTURE_AUTORELEASING = YES;
				CLANG_WARN_BOOL_CONVERSION = YES;
				CLANG_WARN_COMMA = YES;
				CLANG_WARN_CONSTANT_CONVERSION = YES;
				CLANG_WARN_DEPRECATED_OBJC_IMPLEMENTATIONS = YES;
				CLANG_WARN_DIRECT_OBJC_ISA_USAGE = YES_ERROR;
				CLANG_WARN_DOCUMENTATION_COMMENTS = YES;
				CLANG_WARN_EMPTY_BODY = YES;
				CLANG_WARN_ENUM_CONVERSION = YES;
				CLANG_WARN_INFINITE_RECURSION = YES;
				CLANG_WARN_INT_CONVERSION = YES;
				CLANG_WARN_NON_LITERAL_NULL_CONVERSION = YES;
				CLANG_WARN_OBJC_IMPLICIT_RETAIN_SELF = YES;
				CLANG_WARN_OBJC_LITERAL_CONVERSION = YES;
				CLANG_WARN_OBJC_ROOT_CLASS = YES_ERROR;
				CLANG_WARN_QUOTED_INCLUDE_IN_FRAMEWORK_HEADER = YES;
				CLANG_WARN_RANGE_LOOP_ANALYSIS = YES;
				CLANG_WARN_STRICT_PROTOTYPES = YES;
				CLANG_WARN_SUSPICIOUS_MOVE = YES;
				CLANG_WARN_UNGUARDED_AVAILABILITY = YES_AGGRESSIVE;
				CLANG_WARN_UNREACHABLE_CODE = YES;
				CLANG_WARN__DUPLICATE_METHOD_MATCH = YES;
				COPY_PHASE_STRIP = NO;
				DEBUG_INFORMATION_FORMAT = "dwarf-with-dsym";
				ENABLE_NS_ASSERTIONS = NO;
				ENABLE_STRICT_OBJC_MSGSEND = YES;
				ENABLE_USER_SCRIPT_SANDBOXING = YES;
				GCC_C_LANGUAGE_STANDARD = gnu17;
				GCC_NO_COMMON_BLOCKS = YES;
				GCC_WARN_64_TO_32_BIT_CONVERSION = YES;
				GCC_WARN_ABOUT_RETURN_TYPE = YES_ERROR;
				GCC_WARN_UNDECLARED_SELECTOR = YES;
				GCC_WARN_UNINITIALIZED_AUTOS = YES_AGGRESSIVE;
				GCC_WARN_UNUSED_FUNCTION = YES;
				GCC_WARN_UNUSED_VARIABLE = YES;
				IPHONEOS_DEPLOYMENT_TARGET = 17.0;
				LOCALIZATION_PREFERS_STRING_CATALOGS = YES;
				MTL_ENABLE_DEBUG_INFO = NO;
				MTL_FAST_MATH = YES;
				SDKROOT = iphoneos;
				SWIFT_COMPILATION_MODE = wholemodule;
				VALIDATE_PRODUCT = YES;
			};
			name = Release;
		};
		F5A6311E2B1D912200A958CB /* Debug */ = {
			isa = XCBuildConfiguration;
			baseConfigurationReference = 194A11CBD3F90CAD0A00700B /* Pods-EX.debug.xcconfig */;
			buildSettings = {
				ASSETCATALOG_COMPILER_APPICON_NAME = AppIcon;
				ASSETCATALOG_COMPILER_GLOBAL_ACCENT_COLOR_NAME = AccentColor;
				CODE_SIGN_STYLE = Automatic;
				CURRENT_PROJECT_VERSION = 1;
				DEVELOPMENT_ASSET_PATHS = "\"EX/Preview Content\"";
				DEVELOPMENT_TEAM = S35NJ68C7W;
				ENABLE_PREVIEWS = YES;
				ENABLE_USER_SCRIPT_SANDBOXING = NO;
				GENERATE_INFOPLIST_FILE = YES;
				INFOPLIST_KEY_UIApplicationSceneManifest_Generation = YES;
				INFOPLIST_KEY_UIApplicationSupportsIndirectInputEvents = YES;
				INFOPLIST_KEY_UILaunchScreen_Generation = YES;
				INFOPLIST_KEY_UISupportedInterfaceOrientations_iPad = "UIInterfaceOrientationPortrait UIInterfaceOrientationPortraitUpsideDown UIInterfaceOrientationLandscapeLeft UIInterfaceOrientationLandscapeRight";
				INFOPLIST_KEY_UISupportedInterfaceOrientations_iPhone = "UIInterfaceOrientationPortrait UIInterfaceOrientationLandscapeLeft UIInterfaceOrientationLandscapeRight";
				IPHONEOS_DEPLOYMENT_TARGET = 16.0;
				LD_RUNPATH_SEARCH_PATHS = (
					"$(inherited)",
					"@executable_path/Frameworks",
				);
				MARKETING_VERSION = 1.0;
				PRODUCT_BUNDLE_IDENTIFIER = com.thuyen.EX;
				PRODUCT_NAME = "$(TARGET_NAME)";
				SWIFT_EMIT_LOC_STRINGS = YES;
				SWIFT_VERSION = 5.0;
				TARGETED_DEVICE_FAMILY = "1,2";
			};
			name = Debug;
		};
		F5A6311F2B1D912200A958CB /* Release */ = {
			isa = XCBuildConfiguration;
			baseConfigurationReference = 6C9FF68667E404D1C27C0EAF /* Pods-EX.release.xcconfig */;
			buildSettings = {
				ASSETCATALOG_COMPILER_APPICON_NAME = AppIcon;
				ASSETCATALOG_COMPILER_GLOBAL_ACCENT_COLOR_NAME = AccentColor;
				CODE_SIGN_STYLE = Automatic;
				CURRENT_PROJECT_VERSION = 1;
				DEVELOPMENT_ASSET_PATHS = "\"EX/Preview Content\"";
				DEVELOPMENT_TEAM = S35NJ68C7W;
				ENABLE_PREVIEWS = YES;
				ENABLE_USER_SCRIPT_SANDBOXING = NO;
				GENERATE_INFOPLIST_FILE = YES;
				INFOPLIST_KEY_UIApplicationSceneManifest_Generation = YES;
				INFOPLIST_KEY_UIApplicationSupportsIndirectInputEvents = YES;
				INFOPLIST_KEY_UILaunchScreen_Generation = YES;
				INFOPLIST_KEY_UISupportedInterfaceOrientations_iPad = "UIInterfaceOrientationPortrait UIInterfaceOrientationPortraitUpsideDown UIInterfaceOrientationLandscapeLeft UIInterfaceOrientationLandscapeRight";
				INFOPLIST_KEY_UISupportedInterfaceOrientations_iPhone = "UIInterfaceOrientationPortrait UIInterfaceOrientationLandscapeLeft UIInterfaceOrientationLandscapeRight";
				IPHONEOS_DEPLOYMENT_TARGET = 16.0;
				LD_RUNPATH_SEARCH_PATHS = (
					"$(inherited)",
					"@executable_path/Frameworks",
				);
				MARKETING_VERSION = 1.0;
				PRODUCT_BUNDLE_IDENTIFIER = com.thuyen.EX;
				PRODUCT_NAME = "$(TARGET_NAME)";
				SWIFT_EMIT_LOC_STRINGS = YES;
				SWIFT_VERSION = 5.0;
				TARGETED_DEVICE_FAMILY = "1,2";
			};
			name = Release;
		};
/* End XCBuildConfiguration section */

/* Begin XCConfigurationList section */
		F5823AD62BB9575F0054FF0A /* Build configuration list for PBXNativeTarget "EXTests" */ = {
			isa = XCConfigurationList;
			buildConfigurations = (
				F5823AD42BB9575F0054FF0A /* Debug */,
				F5823AD52BB9575F0054FF0A /* Release */,
			);
			defaultConfigurationIsVisible = 0;
			defaultConfigurationName = Release;
		};
		F5A6310A2B1D912000A958CB /* Build configuration list for PBXProject "EX" */ = {
			isa = XCConfigurationList;
			buildConfigurations = (
				F5A6311B2B1D912200A958CB /* Debug */,
				F5A6311C2B1D912200A958CB /* Release */,
			);
			defaultConfigurationIsVisible = 0;
			defaultConfigurationName = Release;
		};
		F5A6311D2B1D912200A958CB /* Build configuration list for PBXNativeTarget "EX" */ = {
			isa = XCConfigurationList;
			buildConfigurations = (
				F5A6311E2B1D912200A958CB /* Debug */,
				F5A6311F2B1D912200A958CB /* Release */,
			);
			defaultConfigurationIsVisible = 0;
			defaultConfigurationName = Release;
		};
/* End XCConfigurationList section */
	};
	rootObject = F5A631072B1D912000A958CB /* Project object */;
}
