PODS:
  - CommonUI (0.0.1):
    - MacroCodableKit
    - Orcam
    - Wizard
  - Logger (0.0.1)
  - MacroCodableKit (0.0.1)
  - Orcam (0.0.1)
  - Services (0.0.1):
    - Logger
  - Services/Tests (0.0.1):
    - Logger
  - Wizard (0.0.1)

DEPENDENCIES:
  - CommonUI (from `LocalPods/CommonUI`)
  - Logger (from `LocalPods/Logger`)
  - MacroCodableKit (from `.spm.pods/macros/MacroCodableKit`)
  - Orcam (from `.spm.pods/macros/Orcam`)
  - Services (from `LocalPods/Services`)
  - Services/Tests (from `LocalPods/Services`)
  - Wizard (from `.spm.pods/macros/Wizard`)

EXTERNAL SOURCES:
  CommonUI:
    :path: LocalPods/CommonUI
  Logger:
    :path: LocalPods/Logger
  MacroCodableKit:
    :path: ".spm.pods/macros/MacroCodableKit"
  Orcam:
    :path: ".spm.pods/macros/Orcam"
  Services:
    :path: LocalPods/Services
  Wizard:
    :path: ".spm.pods/macros/Wizard"

SPEC CHECKSUMS:
  CommonUI: 0df27321e720feead552ee844e42f344efe43d14
  Logger: 43a9cc3dc5f479042eb238d8680aaa0d6afd3ad2
  MacroCodableKit: 29a3a48508c673918521ef5db6f1485db2ca75d0
  Orcam: 288b7e3fc07e33706ceab2f226e4177e99847143
  Services: 8869b52b0b1b2832f26e687f8f037079e51fdca1
  Wizard: 65d0442d19c0c27999a0eea600e3d451caa260e5

PODFILE CHECKSUM: dummy-checksum-to-prevent-merge-conflicts

COCOAPODS: 1.16.2
